
Microsoft Visual Studio Solution File, Format Version 12.00
# Visual Studio Version 17
VisualStudioVersion = 17.3.32825.248
MinimumVisualStudioVersion = 10.0.40219.1
Project("{8BC9CEB8-8B4A-11D0-8D11-00A0C91BC942}") = "oefeningen uit het boek", "oefeningen uit het boek.vcxproj", "{1CF08FE7-8477-4375-B183-9472632942DB}"
EndProject
Project("{8BC9CEB8-8B4A-11D0-8D11-00A0C91BC942}") = "week1", "..\week1\week1.vcxproj", "{A6D127F5-8FF2-4916-BE6B-6374C8589F54}"
EndProject
Project("{8BC9CEB8-8B4A-11D0-8D11-00A0C91BC942}") = "week2", "..\week2\week2.vcxproj", "{DA792859-AA32-4B80-ADDE-53041DF2A5F2}"
EndProject
Global
	GlobalSection(SolutionConfigurationPlatforms) = preSolution
		Debug|x64 = Debug|x64
		Debug|x86 = Debug|x86
		Release|x64 = Release|x64
		Release|x86 = Release|x86
	EndGlobalSection
	GlobalSection(ProjectConfigurationPlatforms) = postSolution
		{1CF08FE7-8477-4375-B183-9472632942DB}.Debug|x64.ActiveCfg = Debug|x64
		{1CF08FE7-8477-4375-B183-9472632942DB}.Debug|x64.Build.0 = Debug|x64
		{1CF08FE7-8477-4375-B183-9472632942DB}.Debug|x86.ActiveCfg = Debug|Win32
		{1CF08FE7-8477-4375-B183-9472632942DB}.Debug|x86.Build.0 = Debug|Win32
		{1CF08FE7-8477-4375-B183-9472632942DB}.Release|x64.ActiveCfg = Release|x64
		{1CF08FE7-8477-4375-B183-9472632942DB}.Release|x64.Build.0 = Release|x64
		{1CF08FE7-8477-4375-B183-9472632942DB}.Release|x86.ActiveCfg = Release|Win32
		{1CF08FE7-8477-4375-B183-9472632942DB}.Release|x86.Build.0 = Release|Win32
		{A6D127F5-8FF2-4916-BE6B-6374C8589F54}.Debug|x64.ActiveCfg = Debug|x64
		{A6D127F5-8FF2-4916-BE6B-6374C8589F54}.Debug|x64.Build.0 = Debug|x64
		{A6D127F5-8FF2-4916-BE6B-6374C8589F54}.Debug|x86.ActiveCfg = Debug|Win32
		{A6D127F5-8FF2-4916-BE6B-6374C8589F54}.Debug|x86.Build.0 = Debug|Win32
		{A6D127F5-8FF2-4916-BE6B-6374C8589F54}.Release|x64.ActiveCfg = Release|x64
		{A6D127F5-8FF2-4916-BE6B-6374C8589F54}.Release|x64.Build.0 = Release|x64
		{A6D127F5-8FF2-4916-BE6B-6374C8589F54}.Release|x86.ActiveCfg = Release|Win32
		{A6D127F5-8FF2-4916-BE6B-6374C8589F54}.Release|x86.Build.0 = Release|Win32
		{DA792859-AA32-4B80-ADDE-53041DF2A5F2}.Debug|x64.ActiveCfg = Debug|x64
		{DA792859-AA32-4B80-ADDE-53041DF2A5F2}.Debug|x64.Build.0 = Debug|x64
		{DA792859-AA32-4B80-ADDE-53041DF2A5F2}.Debug|x86.ActiveCfg = Debug|Win32
		{DA792859-AA32-4B80-ADDE-53041DF2A5F2}.Debug|x86.Build.0 = Debug|Win32
		{DA792859-AA32-4B80-ADDE-53041DF2A5F2}.Release|x64.ActiveCfg = Release|x64
		{DA792859-AA32-4B80-ADDE-53041DF2A5F2}.Release|x64.Build.0 = Release|x64
		{DA792859-AA32-4B80-ADDE-53041DF2A5F2}.Release|x86.ActiveCfg = Release|Win32
		{DA792859-AA32-4B80-ADDE-53041DF2A5F2}.Release|x86.Build.0 = Release|Win32
	EndGlobalSection
	GlobalSection(SolutionProperties) = preSolution
		HideSolutionNode = FALSE
	EndGlobalSection
	GlobalSection(ExtensibilityGlobals) = postSolution
		SolutionGuid = {C08FA084-575D-4FA9-A28F-3E86DD075B8B}
	EndGlobalSection
EndGlobal
