
Microsoft Visual Studio Solution File, Format Version 12.00
# Visual Studio Version 17
VisualStudioVersion = 17.3.32825.248
MinimumVisualStudioVersion = 10.0.40219.1
Project("{8BC9CEB8-8B4A-11D0-8D11-00A0C91BC942}") = "week1Opdracht1", "week1Opdracht1.vcxproj", "{62FDFF53-3BCE-446C-87CD-50F3B07DE658}"
EndProject
Global
	GlobalSection(SolutionConfigurationPlatforms) = preSolution
		Debug|x64 = Debug|x64
		Debug|x86 = Debug|x86
		Release|x64 = Release|x64
		Release|x86 = Release|x86
	EndGlobalSection
	GlobalSection(ProjectConfigurationPlatforms) = postSolution
		{62FDFF53-3BCE-446C-87CD-50F3B07DE658}.Debug|x64.ActiveCfg = Debug|x64
		{62FDFF53-3BCE-446C-87CD-50F3B07DE658}.Debug|x64.Build.0 = Debug|x64
		{62FDFF53-3BCE-446C-87CD-50F3B07DE658}.Debug|x86.ActiveCfg = Debug|Win32
		{62FDFF53-3BCE-446C-87CD-50F3B07DE658}.Debug|x86.Build.0 = Debug|Win32
		{62FDFF53-3BCE-446C-87CD-50F3B07DE658}.Release|x64.ActiveCfg = Release|x64
		{62FDFF53-3BCE-446C-87CD-50F3B07DE658}.Release|x64.Build.0 = Release|x64
		{62FDFF53-3BCE-446C-87CD-50F3B07DE658}.Release|x86.ActiveCfg = Release|Win32
		{62FDFF53-3BCE-446C-87CD-50F3B07DE658}.Release|x86.Build.0 = Release|Win32
	EndGlobalSection
	GlobalSection(SolutionProperties) = preSolution
		HideSolutionNode = FALSE
	EndGlobalSection
	GlobalSection(ExtensibilityGlobals) = postSolution
		SolutionGuid = {3AA42A18-249C-42E3-8951-600834749F7E}
	EndGlobalSection
EndGlobal
